Microsoft Visual Studio Solution File, Format Version 11.00
# Visual Studio 2013
Project("{D624EF66-7B27-072C-986F-EAA206032A54}") = "KomodoDrop", "KomodoDrop.vcxproj", "{9B62A5A2-AA82-308E-B999-1574CA8EFDB0}"
EndProject
Global
	GlobalSection(SolutionConfigurationPlatforms) = preSolution
		Debug|Win32 = Debug|Win32
		Release|Win32 = Release|Win32
	EndGlobalSection
	GlobalSection(ProjectConfigurationPlatforms) = postSolution
		{9B62A5A2-AA82-308E-B999-1574CA8EFDB0}.Debug|Win32.ActiveCfg = Debug|Win32
		{9B62A5A2-AA82-308E-B999-1574CA8EFDB0}.Debug|Win32.Build.0 = Debug|Win32
		{9B62A5A2-AA82-308E-B999-1574CA8EFDB0}.Release|Win32.ActiveCfg = Release|Win32
		{9B62A5A2-AA82-308E-B999-1574CA8EFDB0}.Release|Win32.Build.0 = Release|Win32
	EndGlobalSection
	GlobalSection(SolutionProperties) = preSolution
		HideSolutionNode = FALSE
	EndGlobalSection
EndGlobal
